
Microsoft Visual Studio Solution File, Format Version 12.00
# Visual Studio Version 16
VisualStudioVersion = 16.0.30204.135
MinimumVisualStudioVersion = 10.0.40219.1
Project("{FAE04EC0-301F-11D3-BF4B-00C04F79EFBC}") = "Join-Tables-SP", "Join-Tables-SP.csproj", "{C932180A-02D0-4FB1-AA9D-DB17D952CC2B}"
EndProject
Global
	GlobalSection(SolutionConfigurationPlatforms) = preSolution
		Debug|Any CPU = Debug|Any CPU
		Release|Any CPU = Release|Any CPU
	EndGlobalSection
	GlobalSection(ProjectConfigurationPlatforms) = postSolution
		{C932180A-02D0-4FB1-AA9D-DB17D952CC2B}.Debug|Any CPU.ActiveCfg = Debug|Any CPU
		{C932180A-02D0-4FB1-AA9D-DB17D952CC2B}.Debug|Any CPU.Build.0 = Debug|Any CPU
		{C932180A-02D0-4FB1-AA9D-DB17D952CC2B}.Release|Any CPU.ActiveCfg = Release|Any CPU
		{C932180A-02D0-4FB1-AA9D-DB17D952CC2B}.Release|Any CPU.Build.0 = Release|Any CPU
	EndGlobalSection
	GlobalSection(SolutionProperties) = preSolution
		HideSolutionNode = FALSE
	EndGlobalSection
	GlobalSection(ExtensibilityGlobals) = postSolution
		SolutionGuid = {C1FFC1E8-6556-460C-95EE-4153F18F6B0E}
	EndGlobalSection
EndGlobal
